// !$*UTF8*$!
{
	archiveVersion = 1;
	classes = {
	};
	objectVersion = 46;
	objects = {

/* Begin PBXBuildFile section */
		25157EF81DF3453A002DB122 /* main.m in Sources */ = {isa = PBXBuildFile; fileRef = 25157EF71DF3453A002DB122 /* main.m */; };
		25157EFB1DF3453A002DB122 /* AppDelegate.m in Sources */ = {isa = PBXBuildFile; fileRef = 25157EFA1DF3453A002DB122 /* AppDelegate.m */; };
		25157EFE1DF3453A002DB122 /* ViewController.m in Sources */ = {isa = PBXBuildFile; fileRef = 25157EFD1DF3453A002DB122 /* ViewController.m */; };
		25157F011DF3453A002DB122 /* Main.storyboard in Resources */ = {isa = PBXBuildFile; fileRef = 25157EFF1DF3453A002DB122 /* Main.storyboard */; };
		25157F031DF3453A002DB122 /* Assets.xcassets in Resources */ = {isa = PBXBuildFile; fileRef = 25157F021DF3453A002DB122 /* Assets.xcassets */; };
		25157F061DF3453A002DB122 /* LaunchScreen.storyboard in Resources */ = {isa = PBXBuildFile; fileRef = 25157F041DF3453A002DB122 /* LaunchScreen.storyboard */; };
		25157F0F1DF345C2002DB122 /* CountDownViewController.m in Sources */ = {isa = PBXBuildFile; fileRef = 25157F0E1DF345C2002DB122 /* CountDownViewController.m */; };
		25157F121DF3469F002DB122 /* NSString+Extension.m in Sources */ = {isa = PBXBuildFile; fileRef = 25157F111DF3469F002DB122 /* NSString+Extension.m */; };
		25157F151DF348E8002DB122 /* HPHomePageViewModel.m in Sources */ = {isa = PBXBuildFile; fileRef = 25157F141DF348E8002DB122 /* HPHomePageViewModel.m */; };
/* End PBXBuildFile section */

/* Begin PBXFileReference section */
		25157EF31DF3453A002DB122 /* HPHomeCountdownCell.app */ = {isa = PBXFileReference; explicitFileType = wrapper.application; includeInIndex = 0; path = HPHomeCountdownCell.app; sourceTree = BUILT_PRODUCTS_DIR; };
		25157EF71DF3453A002DB122 /* main.m */ = {isa = PBXFileReference; lastKnownFileType = sourcecode.c.objc; path = main.m; sourceTree = "<group>"; };
		25157EF91DF3453A002DB122 /* AppDelegate.h */ = {isa = PBXFileReference; lastKnownFileType = sourcecode.c.h; path = AppDelegate.h; sourceTree = "<group>"; };
		25157EFA1DF3453A002DB122 /* AppDelegate.m */ = {isa = PBXFileReference; lastKnownFileType = sourcecode.c.objc; path = AppDelegate.m; sourceTree = "<group>"; };
		25157EFC1DF3453A002DB122 /* ViewController.h */ = {isa = PBXFileReference; lastKnownFileType = sourcecode.c.h; path = ViewController.h; sourceTree = "<group>"; };
		25157EFD1DF3453A002DB122 /* ViewController.m */ = {isa = PBXFileReference; lastKnownFileType = sourcecode.c.objc; path = ViewController.m; sourceTree = "<group>"; };
		25157F001DF3453A002DB122 /* Base */ = {isa = PBXFileReference; lastKnownFileType = file.storyboard; name = Base; path = Base.lproj/Main.storyboard; sourceTree = "<group>"; };
		25157F021DF3453A002DB122 /* Assets.xcassets */ = {isa = PBXFileReference; lastKnownFileType = folder.assetcatalog; path = Assets.xcassets; sourceTree = "<group>"; };
		25157F051DF3453A002DB122 /* Base */ = {isa = PBXFileReference; lastKnownFileType = file.storyboard; name = Base; path = Base.lproj/LaunchScreen.storyboard; sourceTree = "<group>"; };
		25157F071DF3453A002DB122 /* Info.plist */ = {isa = PBXFileReference; lastKnownFileType = text.plist.xml; path = Info.plist; sourceTree = "<group>"; };
		25157F0D1DF345C2002DB122 /* CountDownViewController.h */ = {isa = PBXFileReference; fileEncoding = 4; lastKnownFileType = sourcecode.c.h; path = CountDownViewController.h; sourceTree = "<group>"; };
		25157F0E1DF345C2002DB122 /* CountDownViewController.m */ = {isa = PBXFileReference; fileEncoding = 4; lastKnownFileType = sourcecode.c.objc; path = CountDownViewController.m; sourceTree = "<group>"; };
		25157F101DF3469F002DB122 /* NSString+Extension.h */ = {isa = PBXFileReference; fileEncoding = 4; lastKnownFileType = sourcecode.c.h; path = "NSString+Extension.h"; sourceTree = "<group>"; };
		25157F111DF3469F002DB122 /* NSString+Extension.m */ = {isa = PBXFileReference; fileEncoding = 4; lastKnownFileType = sourcecode.c.objc; path = "NSString+Extension.m"; sourceTree = "<group>"; };
		25157F131DF348E8002DB122 /* HPHomePageViewModel.h */ = {isa = PBXFileReference; fileEncoding = 4; lastKnownFileType = sourcecode.c.h; path = HPHomePageViewModel.h; sourceTree = "<group>"; };
		25157F141DF348E8002DB122 /* HPHomePageViewModel.m */ = {isa = PBXFileReference; fileEncoding = 4; lastKnownFileType = sourcecode.c.objc; path = HPHomePageViewModel.m; sourceTree = "<group>"; };
/* End PBXFileReference section */

/* Begin PBXFrameworksBuildPhase section */
		25157EF01DF3453A002DB122 /* Frameworks */ = {
			isa = PBXFrameworksBuildPhase;
			buildActionMask = 2147483647;
			files = (
			);
			runOnlyForDeploymentPostprocessing = 0;
		};
/* End PBXFrameworksBuildPhase section */

/* Begin PBXGroup section */
		25157EEA1DF3453A002DB122 = {
			isa = PBXGroup;
			children = (
				25157EF51DF3453A002DB122 /* HPHomeCountdownCell */,
				25157EF41DF3453A002DB122 /* Products */,
			);
			sourceTree = "<group>";
		};
		25157EF41DF3453A002DB122 /* Products */ = {
			isa = PBXGroup;
			children = (
				25157EF31DF3453A002DB122 /* HPHomeCountdownCell.app */,
			);
			name = Products;
			sourceTree = "<group>";
		};
		25157EF51DF3453A002DB122 /* HPHomeCountdownCell */ = {
			isa = PBXGroup;
			children = (
				25157EF91DF3453A002DB122 /* AppDelegate.h */,
				25157EFA1DF3453A002DB122 /* AppDelegate.m */,
				25157EFC1DF3453A002DB122 /* ViewController.h */,
				25157EFD1DF3453A002DB122 /* ViewController.m */,
				25157F0D1DF345C2002DB122 /* CountDownViewController.h */,
				25157F0E1DF345C2002DB122 /* CountDownViewController.m */,
				25157F101DF3469F002DB122 /* NSString+Extension.h */,
				25157F111DF3469F002DB122 /* NSString+Extension.m */,
				25157F131DF348E8002DB122 /* HPHomePageViewModel.h */,
				25157F141DF348E8002DB122 /* HPHomePageViewModel.m */,
				25157EFF1DF3453A002DB122 /* Main.storyboard */,
				25157F021DF3453A002DB122 /* Assets.xcassets */,
				25157F041DF3453A002DB122 /* LaunchScreen.storyboard */,
				25157F071DF3453A002DB122 /* Info.plist */,
				25157EF61DF3453A002DB122 /* Supporting Files */,
			);
			path = HPHomeCountdownCell;
			sourceTree = "<group>";
		};
		25157EF61DF3453A002DB122 /* Supporting Files */ = {
			isa = PBXGroup;
			children = (
				25157EF71DF3453A002DB122 /* main.m */,
			);
			name = "Supporting Files";
			sourceTree = "<group>";
		};
/* End PBXGroup section */

/* Begin PBXNativeTarget section */
		25157EF21DF3453A002DB122 /* HPHomeCountdownCell */ = {
			isa = PBXNativeTarget;
			buildConfigurationList = 25157F0A1DF3453A002DB122 /* Build configuration list for PBXNativeTarget "HPHomeCountdownCell" */;
			buildPhases = (
				25157EEF1DF3453A002DB122 /* Sources */,
				25157EF01DF3453A002DB122 /* Frameworks */,
				25157EF11DF3453A002DB122 /* Resources */,
			);
			buildRules = (
			);
			dependencies = (
			);
			name = HPHomeCountdownCell;
			productName = HPHomeCountdownCell;
			productReference = 25157EF31DF3453A002DB122 /* HPHomeCountdownCell.app */;
			productType = "com.apple.product-type.application";
		};
/* End PBXNativeTarget section */

/* Begin PBXProject section */
		25157EEB1DF3453A002DB122 /* Project object */ = {
			isa = PBXProject;
			attributes = {
				LastUpgradeCheck = 0810;
				ORGANIZATIONNAME = "雷建民";
				TargetAttributes = {
					25157EF21DF3453A002DB122 = {
						CreatedOnToolsVersion = 8.1;
						ProvisioningStyle = Automatic;
					};
				};
			};
			buildConfigurationList = 25157EEE1DF3453A002DB122 /* Build configuration list for PBXProject "HPHomeCountdownCell" */;
			compatibilityVersion = "Xcode 3.2";
			developmentRegion = English;
			hasScannedForEncodings = 0;
			knownRegions = (
				en,
				Base,
			);
			mainGroup = 25157EEA1DF3453A002DB122;
			productRefGroup = 25157EF41DF3453A002DB122 /* Products */;
			projectDirPath = "";
			projectRoot = "";
			targets = (
				25157EF21DF3453A002DB122 /* HPHomeCountdownCell */,
			);
		};
/* End PBXProject section */

/* Begin PBXResourcesBuildPhase section */
		25157EF11DF3453A002DB122 /* Resources */ = {
			isa = PBXResourcesBuildPhase;
			buildActionMask = 2147483647;
			files = (
				25157F061DF3453A002DB122 /* LaunchScreen.storyboard in Resources */,
				25157F031DF3453A002DB122 /* Assets.xcassets in Resources */,
				25157F011DF3453A002DB122 /* Main.storyboard in Resources */,
			);
			runOnlyForDeploymentPostprocessing = 0;
		};
/* End PBXResourcesBuildPhase section */

/* Begin PBXSourcesBuildPhase section */
		25157EEF1DF3453A002DB122 /* Sources */ = {
			isa = PBXSourcesBuildPhase;
			buildActionMask = 2147483647;
			files = (
				25157F121DF3469F002DB122 /* NSString+Extension.m in Sources */,
				25157F0F1DF345C2002DB122 /* CountDownViewController.m in Sources */,
				25157F151DF348E8002DB122 /* HPHomePageViewModel.m in Sources */,
				25157EFE1DF3453A002DB122 /* ViewController.m in Sources */,
				25157EFB1DF3453A002DB122 /* AppDelegate.m in Sources */,
				25157EF81DF3453A002DB122 /* main.m in Sources */,
			);
			runOnlyForDeploymentPostprocessing = 0;
		};
/* End PBXSourcesBuildPhase section */

/* Begin PBXVariantGroup section */
		25157EFF1DF3453A002DB122 /* Main.storyboard */ = {
			isa = PBXVariantGroup;
			children = (
				25157F001DF3453A002DB122 /* Base */,
			);
			name = Main.storyboard;
			sourceTree = "<group>";
		};
		25157F041DF3453A002DB122 /* LaunchScreen.storyboard */ = {
			isa = PBXVariantGroup;
			children = (
				25157F051DF3453A002DB122 /* Base */,
			);
			name = LaunchScreen.storyboard;
			sourceTree = "<group>";
		};
/* End PBXVariantGroup section */

/* Begin XCBuildConfiguration section */
		25157F081DF3453A002DB122 /* Debug */ = {
			isa = XCBuildConfiguration;
			buildSettings = {
				ALWAYS_SEARCH_USER_PATHS = NO;
				CLANG_ANALYZER_NONNULL = YES;
				CLANG_CXX_LANGUAGE_STANDARD = "gnu++0x";
				CLANG_CXX_LIBRARY = "libc++";
				CLANG_ENABLE_MODULES = YES;
				CLANG_ENABLE_OBJC_ARC = YES;
				CLANG_WARN_BOOL_CONVERSION = YES;
				CLANG_WARN_CONSTANT_CONVERSION = YES;
				CLANG_WARN_DIRECT_OBJC_ISA_USAGE = YES_ERROR;
				CLANG_WARN_DOCUMENTATION_COMMENTS = YES;
				CLANG_WARN_EMPTY_BODY = YES;
				CLANG_WARN_ENUM_CONVERSION = YES;
				CLANG_WARN_INFINITE_RECURSION = YES;
				CLANG_WARN_INT_CONVERSION = YES;
				CLANG_WARN_OBJC_ROOT_CLASS = YES_ERROR;
				CLANG_WARN_SUSPICIOUS_MOVES = YES;
				CLANG_WARN_UNREACHABLE_CODE = YES;
				CLANG_WARN__DUPLICATE_METHOD_MATCH = YES;
				"CODE_SIGN_IDENTITY[sdk=iphoneos*]" = "iPhone Developer";
				COPY_PHASE_STRIP = NO;
				DEBUG_INFORMATION_FORMAT = dwarf;
				ENABLE_STRICT_OBJC_MSGSEND = YES;
				ENABLE_TESTABILITY = YES;
				GCC_C_LANGUAGE_STANDARD = gnu99;
				GCC_DYNAMIC_NO_PIC = NO;
				GCC_NO_COMMON_BLOCKS = YES;
				GCC_OPTIMIZATION_LEVEL = 0;
				GCC_PREPROCESSOR_DEFINITIONS = (
					"DEBUG=1",
					"$(inherited)",
				);
				GCC_WARN_64_TO_32_BIT_CONVERSION = YES;
				GCC_WARN_ABOUT_RETURN_TYPE = YES_ERROR;
				GCC_WARN_UNDECLARED_SELECTOR = YES;
				GCC_WARN_UNINITIALIZED_AUTOS = YES_AGGRESSIVE;
				GCC_WARN_UNUSED_FUNCTION = YES;
				GCC_WARN_UNUSED_VARIABLE = YES;
				IPHONEOS_DEPLOYMENT_TARGET = 10.1;
				MTL_ENABLE_DEBUG_INFO = YES;
				ONLY_ACTIVE_ARCH = YES;
				SDKROOT = iphoneos;
			};
			name = Debug;
		};
		25157F091DF3453A002DB122 /* Release */ = {
			isa = XCBuildConfiguration;
			buildSettings = {
				ALWAYS_SEARCH_USER_PATHS = NO;
				CLANG_ANALYZER_NONNULL = YES;
				CLANG_CXX_LANGUAGE_STANDARD = "gnu++0x";
				CLANG_CXX_LIBRARY = "libc++";
				CLANG_ENABLE_MODULES = YES;
				CLANG_ENABLE_OBJC_ARC = YES;
				CLANG_WARN_BOOL_CONVERSION = YES;
				CLANG_WARN_CONSTANT_CONVERSION = YES;
				CLANG_WARN_DIRECT_OBJC_ISA_USAGE = YES_ERROR;
				CLANG_WARN_DOCUMENTATION_COMMENTS = YES;
				CLANG_WARN_EMPTY_BODY = YES;
				CLANG_WARN_ENUM_CONVERSION = YES;
				CLANG_WARN_INFINITE_RECURSION = YES;
				CLANG_WARN_INT_CONVERSION = YES;
				CLANG_WARN_OBJC_ROOT_CLASS = YES_ERROR;
				CLANG_WARN_SUSPICIOUS_MOVES = YES;
				CLANG_WARN_UNREACHABLE_CODE = YES;
				CLANG_WARN__DUPLICATE_METHOD_MATCH = YES;
				"CODE_SIGN_IDENTITY[sdk=iphoneos*]" = "iPhone Developer";
				COPY_PHASE_STRIP = NO;
				DEBUG_INFORMATION_FORMAT = "dwarf-with-dsym";
				ENABLE_NS_ASSERTIONS = NO;
				ENABLE_STRICT_OBJC_MSGSEND = YES;
				GCC_C_LANGUAGE_STANDARD = gnu99;
				GCC_NO_COMMON_BLOCKS = YES;
				GCC_WARN_64_TO_32_BIT_CONVERSION = YES;
				GCC_WARN_ABOUT_RETURN_TYPE = YES_ERROR;
				GCC_WARN_UNDECLARED_SELECTOR = YES;
				GCC_WARN_UNINITIALIZED_AUTOS = YES_AGGRESSIVE;
				GCC_WARN_UNUSED_FUNCTION = YES;
				GCC_WARN_UNUSED_VARIABLE = YES;
				IPHONEOS_DEPLOYMENT_TARGET = 10.1;
				MTL_ENABLE_DEBUG_INFO = NO;
				SDKROOT = iphoneos;
				VALIDATE_PRODUCT = YES;
			};
			name = Release;
		};
		25157F0B1DF3453A002DB122 /* Debug */ = {
			isa = XCBuildConfiguration;
			buildSettings = {
				ASSETCATALOG_COMPILER_APPICON_NAME = AppIcon;
				INFOPLIST_FILE = HPHomeCountdownCell/Info.plist;
				LD_RUNPATH_SEARCH_PATHS = "$(inherited) @executable_path/Frameworks";
				PRODUCT_BUNDLE_IDENTIFIER = com.leijianmin.HPHomeCountdownCell;
				PRODUCT_NAME = "$(TARGET_NAME)";
			};
			name = Debug;
		};
		25157F0C1DF3453A002DB122 /* Release */ = {
			isa = XCBuildConfiguration;
			buildSettings = {
				ASSETCATALOG_COMPILER_APPICON_NAME = AppIcon;
				INFOPLIST_FILE = HPHomeCountdownCell/Info.plist;
				LD_RUNPATH_SEARCH_PATHS = "$(inherited) @executable_path/Frameworks";
				PRODUCT_BUNDLE_IDENTIFIER = com.leijianmin.HPHomeCountdownCell;
				PRODUCT_NAME = "$(TARGET_NAME)";
			};
			name = Release;
		};
/* End XCBuildConfiguration section */

/* Begin XCConfigurationList section */
		25157EEE1DF3453A002DB122 /* Build configuration list for PBXProject "HPHomeCountdownCell" */ = {
			isa = XCConfigurationList;
			buildConfigurations = (
				25157F081DF3453A002DB122 /* Debug */,
				25157F091DF3453A002DB122 /* Release */,
			);
			defaultConfigurationIsVisible = 0;
			defaultConfigurationName = Release;
		};
		25157F0A1DF3453A002DB122 /* Build configuration list for PBXNativeTarget "HPHomeCountdownCell" */ = {
			isa = XCConfigurationList;
			buildConfigurations = (
				25157F0B1DF3453A002DB122 /* Debug */,
				25157F0C1DF3453A002DB122 /* Release */,
			);
			defaultConfigurationIsVisible = 0;
		};
/* End XCConfigurationList section */
	};
	rootObject = 25157EEB1DF3453A002DB122 /* Project object */;
}
